// !$*UTF8*$!
{
	archiveVersion = 1;
	classes = {
	};
	objectVersion = 46;
	objects = {

/* Begin PBXBuildFile section */
		555911641A6A672200CD4A8C /* AppDelegate.swift in Sources */ = {isa = PBXBuildFile; fileRef = 555911631A6A672200CD4A8C /* AppDelegate.swift */; };
		555911661A6A672200CD4A8C /* ViewController.swift in Sources */ = {isa = PBXBuildFile; fileRef = 555911651A6A672200CD4A8C /* ViewController.swift */; };
		555911691A6A672200CD4A8C /* Main.storyboard in Resources */ = {isa = PBXBuildFile; fileRef = 555911671A6A672200CD4A8C /* Main.storyboard */; };
		5559116B1A6A672200CD4A8C /* Images.xcassets in Resources */ = {isa = PBXBuildFile; fileRef = 5559116A1A6A672200CD4A8C /* Images.xcassets */; };
		5559116E1A6A672200CD4A8C /* LaunchScreen.xib in Resources */ = {isa = PBXBuildFile; fileRef = 5559116C1A6A672200CD4A8C /* LaunchScreen.xib */; };
		5559117A1A6A672200CD4A8C /* TipperTests.swift in Sources */ = {isa = PBXBuildFile; fileRef = 555911791A6A672200CD4A8C /* TipperTests.swift */; };
/* End PBXBuildFile section */

/* Begin PBXContainerItemProxy section */
		555911741A6A672200CD4A8C /* PBXContainerItemProxy */ = {
			isa = PBXContainerItemProxy;
			containerPortal = 555911561A6A672200CD4A8C /* Project object */;
			proxyType = 1;
			remoteGlobalIDString = 5559115D1A6A672200CD4A8C;
			remoteInfo = Tipper;
		};
/* End PBXContainerItemProxy section */

/* Begin PBXFileReference section */
		5559115E1A6A672200CD4A8C /* Tipper.app */ = {isa = PBXFileReference; explicitFileType = wrapper.application; includeInIndex = 0; path = Tipper.app; sourceTree = BUILT_PRODUCTS_DIR; };
		555911621A6A672200CD4A8C /* Info.plist */ = {isa = PBXFileReference; lastKnownFileType = text.plist.xml; path = Info.plist; sourceTree = "<group>"; };
		555911631A6A672200CD4A8C /* AppDelegate.swift */ = {isa = PBXFileReference; lastKnownFileType = sourcecode.swift; path = AppDelegate.swift; sourceTree = "<group>"; };
		555911651A6A672200CD4A8C /* ViewController.swift */ = {isa = PBXFileReference; lastKnownFileType = sourcecode.swift; path = ViewController.swift; sourceTree = "<group>"; };
		555911681A6A672200CD4A8C /* Base */ = {isa = PBXFileReference; lastKnownFileType = file.storyboard; name = Base; path = Base.lproj/Main.storyboard; sourceTree = "<group>"; };
		5559116A1A6A672200CD4A8C /* Images.xcassets */ = {isa = PBXFileReference; lastKnownFileType = folder.assetcatalog; path = Images.xcassets; sourceTree = "<group>"; };
		5559116D1A6A672200CD4A8C /* Base */ = {isa = PBXFileReference; lastKnownFileType = file.xib; name = Base; path = Base.lproj/LaunchScreen.xib; sourceTree = "<group>"; };
		555911731A6A672200CD4A8C /* TipperTests.xctest */ = {isa = PBXFileReference; explicitFileType = wrapper.cfbundle; includeInIndex = 0; path = TipperTests.xctest; sourceTree = BUILT_PRODUCTS_DIR; };
		555911781A6A672200CD4A8C /* Info.plist */ = {isa = PBXFileReference; lastKnownFileType = text.plist.xml; path = Info.plist; sourceTree = "<group>"; };
		555911791A6A672200CD4A8C /* TipperTests.swift */ = {isa = PBXFileReference; lastKnownFileType = sourcecode.swift; path = TipperTests.swift; sourceTree = "<group>"; };
/* End PBXFileReference section */

/* Begin PBXFrameworksBuildPhase section */
		5559115B1A6A672200CD4A8C /* Frameworks */ = {
			isa = PBXFrameworksBuildPhase;
			buildActionMask = 2147483647;
			files = (
			);
			runOnlyForDeploymentPostprocessing = 0;
		};
		555911701A6A672200CD4A8C /* Frameworks */ = {
			isa = PBXFrameworksBuildPhase;
			buildActionMask = 2147483647;
			files = (
			);
			runOnlyForDeploymentPostprocessing = 0;
		};
/* End PBXFrameworksBuildPhase section */

/* Begin PBXGroup section */
		555911551A6A672200CD4A8C = {
			isa = PBXGroup;
			children = (
				555911601A6A672200CD4A8C /* Tipper */,
				555911761A6A672200CD4A8C /* TipperTests */,
				5559115F1A6A672200CD4A8C /* Products */,
			);
			sourceTree = "<group>";
		};
		5559115F1A6A672200CD4A8C /* Products */ = {
			isa = PBXGroup;
			children = (
				5559115E1A6A672200CD4A8C /* Tipper.app */,
				555911731A6A672200CD4A8C /* TipperTests.xctest */,
			);
			name = Products;
			sourceTree = "<group>";
		};
		555911601A6A672200CD4A8C /* Tipper */ = {
			isa = PBXGroup;
			children = (
				555911631A6A672200CD4A8C /* AppDelegate.swift */,
				555911651A6A672200CD4A8C /* ViewController.swift */,
				555911671A6A672200CD4A8C /* Main.storyboard */,
				5559116A1A6A672200CD4A8C /* Images.xcassets */,
				5559116C1A6A672200CD4A8C /* LaunchScreen.xib */,
				555911611A6A672200CD4A8C /* Supporting Files */,
			);
			path = Tipper;
			sourceTree = "<group>";
		};
		555911611A6A672200CD4A8C /* Supporting Files */ = {
			isa = PBXGroup;
			children = (
				555911621A6A672200CD4A8C /* Info.plist */,
			);
			name = "Supporting Files";
			sourceTree = "<group>";
		};
		555911761A6A672200CD4A8C /* TipperTests */ = {
			isa = PBXGroup;
			children = (
				555911791A6A672200CD4A8C /* TipperTests.swift */,
				555911771A6A672200CD4A8C /* Supporting Files */,
			);
			path = TipperTests;
			sourceTree = "<group>";
		};
		555911771A6A672200CD4A8C /* Supporting Files */ = {
			isa = PBXGroup;
			children = (
				555911781A6A672200CD4A8C /* Info.plist */,
			);
			name = "Supporting Files";
			sourceTree = "<group>";
		};
/* End PBXGroup section */

/* Begin PBXNativeTarget section */
		5559115D1A6A672200CD4A8C /* Tipper */ = {
			isa = PBXNativeTarget;
			buildConfigurationList = 5559117D1A6A672200CD4A8C /* Build configuration list for PBXNativeTarget "Tipper" */;
			buildPhases = (
				5559115A1A6A672200CD4A8C /* Sources */,
				5559115B1A6A672200CD4A8C /* Frameworks */,
				5559115C1A6A672200CD4A8C /* Resources */,
			);
			buildRules = (
			);
			dependencies = (
			);
			name = Tipper;
			productName = Tipper;
			productReference = 5559115E1A6A672200CD4A8C /* Tipper.app */;
			productType = "com.apple.product-type.application";
		};
		555911721A6A672200CD4A8C /* TipperTests */ = {
			isa = PBXNativeTarget;
			buildConfigurationList = 555911801A6A672200CD4A8C /* Build configuration list for PBXNativeTarget "TipperTests" */;
			buildPhases = (
				5559116F1A6A672200CD4A8C /* Sources */,
				555911701A6A672200CD4A8C /* Frameworks */,
				555911711A6A672200CD4A8C /* Resources */,
			);
			buildRules = (
			);
			dependencies = (
				555911751A6A672200CD4A8C /* PBXTargetDependency */,
			);
			name = TipperTests;
			productName = TipperTests;
			productReference = 555911731A6A672200CD4A8C /* TipperTests.xctest */;
			productType = "com.apple.product-type.bundle.unit-test";
		};
/* End PBXNativeTarget section */

/* Begin PBXProject section */
		555911561A6A672200CD4A8C /* Project object */ = {
			isa = PBXProject;
			attributes = {
				LastUpgradeCheck = 0610;
				ORGANIZATIONNAME = "David Muro II";
				TargetAttributes = {
					5559115D1A6A672200CD4A8C = {
						CreatedOnToolsVersion = 6.1.1;
					};
					555911721A6A672200CD4A8C = {
						CreatedOnToolsVersion = 6.1.1;
						TestTargetID = 5559115D1A6A672200CD4A8C;
					};
				};
			};
			buildConfigurationList = 555911591A6A672200CD4A8C /* Build configuration list for PBXProject "Tipper" */;
			compatibilityVersion = "Xcode 3.2";
			developmentRegion = English;
			hasScannedForEncodings = 0;
			knownRegions = (
				en,
				Base,
			);
			mainGroup = 555911551A6A672200CD4A8C;
			productRefGroup = 5559115F1A6A672200CD4A8C /* Products */;
			projectDirPath = "";
			projectRoot = "";
			targets = (
				5559115D1A6A672200CD4A8C /* Tipper */,
				555911721A6A672200CD4A8C /* TipperTests */,
			);
		};
/* End PBXProject section */

/* Begin PBXResourcesBuildPhase section */
		5559115C1A6A672200CD4A8C /* Resources */ = {
			isa = PBXResourcesBuildPhase;
			buildActionMask = 2147483647;
			files = (
				555911691A6A672200CD4A8C /* Main.storyboard in Resources */,
				5559116E1A6A672200CD4A8C /* LaunchScreen.xib in Resources */,
				5559116B1A6A672200CD4A8C /* Images.xcassets in Resources */,
			);
			runOnlyForDeploymentPostprocessing = 0;
		};
		555911711A6A672200CD4A8C /* Resources */ = {
			isa = PBXResourcesBuildPhase;
			buildActionMask = 2147483647;
			files = (
			);
			runOnlyForDeploymentPostprocessing = 0;
		};
/* End PBXResourcesBuildPhase section */

/* Begin PBXSourcesBuildPhase section */
		5559115A1A6A672200CD4A8C /* Sources */ = {
			isa = PBXSourcesBuildPhase;
			buildActionMask = 2147483647;
			files = (
				555911661A6A672200CD4A8C /* ViewController.swift in Sources */,
				555911641A6A672200CD4A8C /* AppDelegate.swift in Sources */,
			);
			runOnlyForDeploymentPostprocessing = 0;
		};
		5559116F1A6A672200CD4A8C /* Sources */ = {
			isa = PBXSourcesBuildPhase;
			buildActionMask = 2147483647;
			files = (
				5559117A1A6A672200CD4A8C /* TipperTests.swift in Sources */,
			);
			runOnlyForDeploymentPostprocessing = 0;
		};
/* End PBXSourcesBuildPhase section */

/* Begin PBXTargetDependency section */
		555911751A6A672200CD4A8C /* PBXTargetDependency */ = {
			isa = PBXTargetDependency;
			target = 5559115D1A6A672200CD4A8C /* Tipper */;
			targetProxy = 555911741A6A672200CD4A8C /* PBXContainerItemProxy */;
		};
/* End PBXTargetDependency section */

/* Begin PBXVariantGroup section */
		555911671A6A672200CD4A8C /* Main.storyboard */ = {
			isa = PBXVariantGroup;
			children = (
				555911681A6A672200CD4A8C /* Base */,
			);
			name = Main.storyboard;
			sourceTree = "<group>";
		};
		5559116C1A6A672200CD4A8C /* LaunchScreen.xib */ = {
			isa = PBXVariantGroup;
			children = (
				5559116D1A6A672200CD4A8C /* Base */,
			);
			name = LaunchScreen.xib;
			sourceTree = "<group>";
		};
/* End PBXVariantGroup section */

/* Begin XCBuildConfiguration section */
		5559117B1A6A672200CD4A8C /* Debug */ = {
			isa = XCBuildConfiguration;
			buildSettings = {
				ALWAYS_SEARCH_USER_PATHS = NO;
				CLANG_CXX_LANGUAGE_STANDARD = "gnu++0x";
				CLANG_CXX_LIBRARY = "libc++";
				CLANG_ENABLE_MODULES = YES;
				CLANG_ENABLE_OBJC_ARC = YES;
				CLANG_WARN_BOOL_CONVERSION = YES;
				CLANG_WARN_CONSTANT_CONVERSION = YES;
				CLANG_WARN_DIRECT_OBJC_ISA_USAGE = YES_ERROR;
				CLANG_WARN_EMPTY_BODY = YES;
				CLANG_WARN_ENUM_CONVERSION = YES;
				CLANG_WARN_INT_CONVERSION = YES;
				CLANG_WARN_OBJC_ROOT_CLASS = YES_ERROR;
				CLANG_WARN_UNREACHABLE_CODE = YES;
				CLANG_WARN__DUPLICATE_METHOD_MATCH = YES;
				"CODE_SIGN_IDENTITY[sdk=iphoneos*]" = "iPhone Developer";
				COPY_PHASE_STRIP = NO;
				ENABLE_STRICT_OBJC_MSGSEND = YES;
				GCC_C_LANGUAGE_STANDARD = gnu99;
				GCC_DYNAMIC_NO_PIC = NO;
				GCC_OPTIMIZATION_LEVEL = 0;
				GCC_PREPROCESSOR_DEFINITIONS = (
					"DEBUG=1",
					"$(inherited)",
				);
				GCC_SYMBOLS_PRIVATE_EXTERN = NO;
				GCC_WARN_64_TO_32_BIT_CONVERSION = YES;
				GCC_WARN_ABOUT_RETURN_TYPE = YES_ERROR;
				GCC_WARN_UNDECLARED_SELECTOR = YES;
				GCC_WARN_UNINITIALIZED_AUTOS = YES_AGGRESSIVE;
				GCC_WARN_UNUSED_FUNCTION = YES;
				GCC_WARN_UNUSED_VARIABLE = YES;
				IPHONEOS_DEPLOYMENT_TARGET = 8.1;
				MTL_ENABLE_DEBUG_INFO = YES;
				ONLY_ACTIVE_ARCH = YES;
				SDKROOT = iphoneos;
				SWIFT_OPTIMIZATION_LEVEL = "-Onone";
			};
			name = Debug;
		};
		5559117C1A6A672200CD4A8C /* Release */ = {
			isa = XCBuildConfiguration;
			buildSettings = {
				ALWAYS_SEARCH_USER_PATHS = NO;
				CLANG_CXX_LANGUAGE_STANDARD = "gnu++0x";
				CLANG_CXX_LIBRARY = "libc++";
				CLANG_ENABLE_MODULES = YES;
				CLANG_ENABLE_OBJC_ARC = YES;
				CLANG_WARN_BOOL_CONVERSION = YES;
				CLANG_WARN_CONSTANT_CONVERSION = YES;
				CLANG_WARN_DIRECT_OBJC_ISA_USAGE = YES_ERROR;
				CLANG_WARN_EMPTY_BODY = YES;
				CLANG_WARN_ENUM_CONVERSION = YES;
				CLANG_WARN_INT_CONVERSION = YES;
				CLANG_WARN_OBJC_ROOT_CLASS = YES_ERROR;
				CLANG_WARN_UNREACHABLE_CODE = YES;
				CLANG_WARN__DUPLICATE_METHOD_MATCH = YES;
				"CODE_SIGN_IDENTITY[sdk=iphoneos*]" = "iPhone Developer";
				COPY_PHASE_STRIP = YES;
				ENABLE_NS_ASSERTIONS = NO;
				ENABLE_STRICT_OBJC_MSGSEND = YES;
				GCC_C_LANGUAGE_STANDARD = gnu99;
				GCC_WARN_64_TO_32_BIT_CONVERSION = YES;
				GCC_WARN_ABOUT_RETURN_TYPE = YES_ERROR;
				GCC_WARN_UNDECLARED_SELECTOR = YES;
				GCC_WARN_UNINITIALIZED_AUTOS = YES_AGGRESSIVE;
				GCC_WARN_UNUSED_FUNCTION = YES;
				GCC_WARN_UNUSED_VARIABLE = YES;
				IPHONEOS_DEPLOYMENT_TARGET = 8.1;
				MTL_ENABLE_DEBUG_INFO = NO;
				SDKROOT = iphoneos;
				VALIDATE_PRODUCT = YES;
			};
			name = Release;
		};
		5559117E1A6A672200CD4A8C /* Debug */ = {
			isa = XCBuildConfiguration;
			buildSettings = {
				ASSETCATALOG_COMPILER_APPICON_NAME = AppIcon;
				INFOPLIST_FILE = Tipper/Info.plist;
				LD_RUNPATH_SEARCH_PATHS = "$(inherited) @executable_path/Frameworks";
				PRODUCT_NAME = "$(TARGET_NAME)";
			};
			name = Debug;
		};
		5559117F1A6A672200CD4A8C /* Release */ = {
			isa = XCBuildConfiguration;
			buildSettings = {
				ASSETCATALOG_COMPILER_APPICON_NAME = AppIcon;
				INFOPLIST_FILE = Tipper/Info.plist;
				LD_RUNPATH_SEARCH_PATHS = "$(inherited) @executable_path/Frameworks";
				PRODUCT_NAME = "$(TARGET_NAME)";
			};
			name = Release;
		};
		555911811A6A672200CD4A8C /* Debug */ = {
			isa = XCBuildConfiguration;
			buildSettings = {
				BUNDLE_LOADER = "$(TEST_HOST)";
				FRAMEWORK_SEARCH_PATHS = (
					"$(SDKROOT)/Developer/Library/Frameworks",
					"$(inherited)",
				);
				GCC_PREPROCESSOR_DEFINITIONS = (
					"DEBUG=1",
					"$(inherited)",
				);
				INFOPLIST_FILE = TipperTests/Info.plist;
				LD_RUNPATH_SEARCH_PATHS = "$(inherited) @executable_path/Frameworks @loader_path/Frameworks";
				PRODUCT_NAME = "$(TARGET_NAME)";
				TEST_HOST = "$(BUILT_PRODUCTS_DIR)/Tipper.app/Tipper";
			};
			name = Debug;
		};
		555911821A6A672200CD4A8C /* Release */ = {
			isa = XCBuildConfiguration;
			buildSettings = {
				BUNDLE_LOADER = "$(TEST_HOST)";
				FRAMEWORK_SEARCH_PATHS = (
					"$(SDKROOT)/Developer/Library/Frameworks",
					"$(inherited)",
				);
				INFOPLIST_FILE = TipperTests/Info.plist;
				LD_RUNPATH_SEARCH_PATHS = "$(inherited) @executable_path/Frameworks @loader_path/Frameworks";
				PRODUCT_NAME = "$(TARGET_NAME)";
				TEST_HOST = "$(BUILT_PRODUCTS_DIR)/Tipper.app/Tipper";
			};
			name = Release;
		};
/* End XCBuildConfiguration section */

/* Begin XCConfigurationList section */
		555911591A6A672200CD4A8C /* Build configuration list for PBXProject "Tipper" */ = {
			isa = XCConfigurationList;
			buildConfigurations = (
				5559117B1A6A672200CD4A8C /* Debug */,
				5559117C1A6A672200CD4A8C /* Release */,
			);
			defaultConfigurationIsVisible = 0;
			defaultConfigurationName = Release;
		};
		5559117D1A6A672200CD4A8C /* Build configuration list for PBXNativeTarget "Tipper" */ = {
			isa = XCConfigurationList;
			buildConfigurations = (
				5559117E1A6A672200CD4A8C /* Debug */,
				5559117F1A6A672200CD4A8C /* Release */,
			);
			defaultConfigurationIsVisible = 0;
		};
		555911801A6A672200CD4A8C /* Build configuration list for PBXNativeTarget "TipperTests" */ = {
			isa = XCConfigurationList;
			buildConfigurations = (
				555911811A6A672200CD4A8C /* Debug */,
				555911821A6A672200CD4A8C /* Release */,
			);
			defaultConfigurationIsVisible = 0;
		};
/* End XCConfigurationList section */
	};
	rootObject = 555911561A6A672200CD4A8C /* Project object */;
}
